
Microsoft Visual Studio Solution File, Format Version 12.00
# Visual Studio Version 16
VisualStudioVersion = 16.0.30011.22
MinimumVisualStudioVersion = 10.0.40219.1
Project("{9A19103F-16F7-4668-BE54-9A1E7A4F7556}") = "Test.Base", "test\Test.Base\Test.Base.csproj", "{9F966C7F-4A4C-4CAE-9D17-B6FB0E4DB966}"
EndProject
Project("{9A19103F-16F7-4668-BE54-9A1E7A4F7556}") = "Benchmark.Base", "test\Benchmark.Base\Benchmark.Base.csproj", "{367249BC-ED00-4E87-8441-475670E97020}"
EndProject
Project("{2150E333-8FDC-42A3-9474-1A3956D46DE8}") = "test", "test", "{3A06F815-F11C-4598-B40A-40FB9A4C3D1B}"
EndProject
Project("{9A19103F-16F7-4668-BE54-9A1E7A4F7556}") = "RazorComponents.Markdown", "src\RazorComponents.Markdown\RazorComponents.Markdown.csproj", "{0E3F0823-5665-4436-8CB0-246690DCCA88}"
EndProject
Project("{2150E333-8FDC-42A3-9474-1A3956D46DE8}") = "demo", "demo", "{0D22F2BF-BA2D-49B5-809F-83FA22033584}"
EndProject
Project("{9A19103F-16F7-4668-BE54-9A1E7A4F7556}") = "HostBase.Client", "demo\HostBase\Client\HostBase.Client.csproj", "{8DFFEC7C-D31F-4801-AF58-15B8FF876007}"
EndProject
Project("{9A19103F-16F7-4668-BE54-9A1E7A4F7556}") = "HostBase.Server", "demo\HostBase\Server\HostBase.Server.csproj", "{6E357BB2-94BB-488F-8CBB-1DFB5ABC52EE}"
EndProject
Project("{9A19103F-16F7-4668-BE54-9A1E7A4F7556}") = "HostBase.Shared", "demo\HostBase\Shared\HostBase.Shared.csproj", "{1BFFE1D5-CD31-4B20-95C5-1174082F001A}"
EndProject
Global
	GlobalSection(SolutionConfigurationPlatforms) = preSolution
		Debug|Any CPU = Debug|Any CPU
		Release|Any CPU = Release|Any CPU
	EndGlobalSection
	GlobalSection(ProjectConfigurationPlatforms) = postSolution
		{9F966C7F-4A4C-4CAE-9D17-B6FB0E4DB966}.Debug|Any CPU.ActiveCfg = Debug|Any CPU
		{9F966C7F-4A4C-4CAE-9D17-B6FB0E4DB966}.Debug|Any CPU.Build.0 = Debug|Any CPU
		{9F966C7F-4A4C-4CAE-9D17-B6FB0E4DB966}.Release|Any CPU.ActiveCfg = Release|Any CPU
		{9F966C7F-4A4C-4CAE-9D17-B6FB0E4DB966}.Release|Any CPU.Build.0 = Release|Any CPU
		{367249BC-ED00-4E87-8441-475670E97020}.Debug|Any CPU.ActiveCfg = Debug|Any CPU
		{367249BC-ED00-4E87-8441-475670E97020}.Debug|Any CPU.Build.0 = Debug|Any CPU
		{367249BC-ED00-4E87-8441-475670E97020}.Release|Any CPU.ActiveCfg = Release|Any CPU
		{367249BC-ED00-4E87-8441-475670E97020}.Release|Any CPU.Build.0 = Release|Any CPU
		{0E3F0823-5665-4436-8CB0-246690DCCA88}.Debug|Any CPU.ActiveCfg = Debug|Any CPU
		{0E3F0823-5665-4436-8CB0-246690DCCA88}.Debug|Any CPU.Build.0 = Debug|Any CPU
		{0E3F0823-5665-4436-8CB0-246690DCCA88}.Release|Any CPU.ActiveCfg = Release|Any CPU
		{0E3F0823-5665-4436-8CB0-246690DCCA88}.Release|Any CPU.Build.0 = Release|Any CPU
		{8DFFEC7C-D31F-4801-AF58-15B8FF876007}.Debug|Any CPU.ActiveCfg = Debug|Any CPU
		{8DFFEC7C-D31F-4801-AF58-15B8FF876007}.Debug|Any CPU.Build.0 = Debug|Any CPU
		{8DFFEC7C-D31F-4801-AF58-15B8FF876007}.Release|Any CPU.ActiveCfg = Release|Any CPU
		{8DFFEC7C-D31F-4801-AF58-15B8FF876007}.Release|Any CPU.Build.0 = Release|Any CPU
		{6E357BB2-94BB-488F-8CBB-1DFB5ABC52EE}.Debug|Any CPU.ActiveCfg = Debug|Any CPU
		{6E357BB2-94BB-488F-8CBB-1DFB5ABC52EE}.Debug|Any CPU.Build.0 = Debug|Any CPU
		{6E357BB2-94BB-488F-8CBB-1DFB5ABC52EE}.Release|Any CPU.ActiveCfg = Release|Any CPU
		{6E357BB2-94BB-488F-8CBB-1DFB5ABC52EE}.Release|Any CPU.Build.0 = Release|Any CPU
		{1BFFE1D5-CD31-4B20-95C5-1174082F001A}.Debug|Any CPU.ActiveCfg = Debug|Any CPU
		{1BFFE1D5-CD31-4B20-95C5-1174082F001A}.Debug|Any CPU.Build.0 = Debug|Any CPU
		{1BFFE1D5-CD31-4B20-95C5-1174082F001A}.Release|Any CPU.ActiveCfg = Release|Any CPU
		{1BFFE1D5-CD31-4B20-95C5-1174082F001A}.Release|Any CPU.Build.0 = Release|Any CPU
	EndGlobalSection
	GlobalSection(SolutionProperties) = preSolution
		HideSolutionNode = FALSE
	EndGlobalSection
	GlobalSection(NestedProjects) = preSolution
		{9F966C7F-4A4C-4CAE-9D17-B6FB0E4DB966} = {3A06F815-F11C-4598-B40A-40FB9A4C3D1B}
		{367249BC-ED00-4E87-8441-475670E97020} = {3A06F815-F11C-4598-B40A-40FB9A4C3D1B}
		{8DFFEC7C-D31F-4801-AF58-15B8FF876007} = {0D22F2BF-BA2D-49B5-809F-83FA22033584}
		{6E357BB2-94BB-488F-8CBB-1DFB5ABC52EE} = {0D22F2BF-BA2D-49B5-809F-83FA22033584}
		{1BFFE1D5-CD31-4B20-95C5-1174082F001A} = {0D22F2BF-BA2D-49B5-809F-83FA22033584}
	EndGlobalSection
	GlobalSection(ExtensibilityGlobals) = postSolution
		SolutionGuid = {8D3ED303-A748-4CA3-BBDF-017444C890FB}
	EndGlobalSection
EndGlobal
